// !$*UTF8*$!
{
	archiveVersion = 1;
	classes = {
	};
	objectVersion = 56;
	objects = {

/* Begin PBXBuildFile section */
		F5D7237E296BB46400D52538 /* landmarkData.json in Resources */ = {isa = PBXBuildFile; fileRef = F5D7237D296BB46400D52538 /* landmarkData.json */; };
		F5D72381296BB4ED00D52538 /* Landmark.swift in Sources */ = {isa = PBXBuildFile; fileRef = F5D72380296BB4ED00D52538 /* Landmark.swift */; };
		F5D72383296BB97100D52538 /* ModelData.swift in Sources */ = {isa = PBXBuildFile; fileRef = F5D72382296BB97100D52538 /* ModelData.swift */; };
		F5D72386296BBD0A00D52538 /* MapView.swift in Sources */ = {isa = PBXBuildFile; fileRef = F5D72385296BBD0A00D52538 /* MapView.swift */; };
		F5D72389296BBE7300D52538 /* LandmarkRow.swift in Sources */ = {isa = PBXBuildFile; fileRef = F5D72388296BBE7300D52538 /* LandmarkRow.swift */; };
		F5D7238B296BC19A00D52538 /* LandmarkList.swift in Sources */ = {isa = PBXBuildFile; fileRef = F5D7238A296BC19A00D52538 /* LandmarkList.swift */; };
		F5D7238D296BC3AB00D52538 /* LandmarkDetail.swift in Sources */ = {isa = PBXBuildFile; fileRef = F5D7238C296BC3AB00D52538 /* LandmarkDetail.swift */; };
		F5D72391296BEF3100D52538 /* FavoriteButton.swift in Sources */ = {isa = PBXBuildFile; fileRef = F5D72390296BEF3100D52538 /* FavoriteButton.swift */; };
		F5D723CB296C145000D52538 /* HexagonParameters.swift in Sources */ = {isa = PBXBuildFile; fileRef = F5D723CA296C145000D52538 /* HexagonParameters.swift */; };
		F5D723CD296C14C200D52538 /* BadgeBackground.swift in Sources */ = {isa = PBXBuildFile; fileRef = F5D723CC296C14C200D52538 /* BadgeBackground.swift */; };
		F5D723CF296C179100D52538 /* BadgeSymbol.swift in Sources */ = {isa = PBXBuildFile; fileRef = F5D723CE296C179100D52538 /* BadgeSymbol.swift */; };
		F5D723D1296C181900D52538 /* BadgeSymbolRotated.swift in Sources */ = {isa = PBXBuildFile; fileRef = F5D723D0296C181900D52538 /* BadgeSymbolRotated.swift */; };
		F5D723D3296C183800D52538 /* Badge.swift in Sources */ = {isa = PBXBuildFile; fileRef = F5D723D2296C183800D52538 /* Badge.swift */; };
		F5D723D8296C1C1200D52538 /* hikeData.json in Resources */ = {isa = PBXBuildFile; fileRef = F5D723D7296C1C1200D52538 /* hikeData.json */; };
		F5D723DA296C1C4400D52538 /* Hike.swift in Sources */ = {isa = PBXBuildFile; fileRef = F5D723D9296C1C4400D52538 /* Hike.swift */; };
		F5D723E2296C1D3300D52538 /* GraphCapsule.swift in Sources */ = {isa = PBXBuildFile; fileRef = F5D723DE296C1D3300D52538 /* GraphCapsule.swift */; };
		F5D723E3296C1D3300D52538 /* HikeGraph.swift in Sources */ = {isa = PBXBuildFile; fileRef = F5D723DF296C1D3300D52538 /* HikeGraph.swift */; };
		F5D723E4296C1D3300D52538 /* HikeDetail.swift in Sources */ = {isa = PBXBuildFile; fileRef = F5D723E0296C1D3300D52538 /* HikeDetail.swift */; };
		F5D723E5296C1D3300D52538 /* HikeView.swift in Sources */ = {isa = PBXBuildFile; fileRef = F5D723E1296C1D3300D52538 /* HikeView.swift */; };
		F5D723E7296D005300D52538 /* CategoryHome.swift in Sources */ = {isa = PBXBuildFile; fileRef = F5D723E6296D005300D52538 /* CategoryHome.swift */; };
		F5D723EA296D0CFF00D52538 /* CategoryRow.swift in Sources */ = {isa = PBXBuildFile; fileRef = F5D723E9296D0CFF00D52538 /* CategoryRow.swift */; };
		F5D723EC296D131100D52538 /* CategoryRowLandmark.swift in Sources */ = {isa = PBXBuildFile; fileRef = F5D723EB296D131100D52538 /* CategoryRowLandmark.swift */; };
		F5D723EE296D3DC200D52538 /* Profile.swift in Sources */ = {isa = PBXBuildFile; fileRef = F5D723ED296D3DC200D52538 /* Profile.swift */; };
		F5D723F1296D3E6C00D52538 /* ProfileSummary.swift in Sources */ = {isa = PBXBuildFile; fileRef = F5D723F0296D3E6C00D52538 /* ProfileSummary.swift */; };
		F5D723F3296D400C00D52538 /* ProfileHost.swift in Sources */ = {isa = PBXBuildFile; fileRef = F5D723F2296D400C00D52538 /* ProfileHost.swift */; };
		F5D723F5296D406E00D52538 /* HikeBadge.swift in Sources */ = {isa = PBXBuildFile; fileRef = F5D723F4296D406E00D52538 /* HikeBadge.swift */; };
		F5D723F7296D4A5600D52538 /* ProfileEditor.swift in Sources */ = {isa = PBXBuildFile; fileRef = F5D723F6296D4A5600D52538 /* ProfileEditor.swift */; };
		F5D723FA296D5A5C00D52538 /* PageViewController.swift in Sources */ = {isa = PBXBuildFile; fileRef = F5D723F9296D5A5C00D52538 /* PageViewController.swift */; };
		F5D723FC296D5B1900D52538 /* FeatureCard.swift in Sources */ = {isa = PBXBuildFile; fileRef = F5D723FB296D5B1900D52538 /* FeatureCard.swift */; };
		F5D723FE296D5BC200D52538 /* PageView.swift in Sources */ = {isa = PBXBuildFile; fileRef = F5D723FD296D5BC200D52538 /* PageView.swift */; };
		F5D72400296D5EBF00D52538 /* PageControl.swift in Sources */ = {isa = PBXBuildFile; fileRef = F5D723FF296D5EBF00D52538 /* PageControl.swift */; };
		F5F37B0E29697E3F00BF2795 /* try_switfuiApp.swift in Sources */ = {isa = PBXBuildFile; fileRef = F5F37B0D29697E3F00BF2795 /* try_switfuiApp.swift */; };
		F5F37B1029697E3F00BF2795 /* ContentView.swift in Sources */ = {isa = PBXBuildFile; fileRef = F5F37B0F29697E3F00BF2795 /* ContentView.swift */; };
		F5F37B1229697E4000BF2795 /* Assets.xcassets in Resources */ = {isa = PBXBuildFile; fileRef = F5F37B1129697E4000BF2795 /* Assets.xcassets */; };
		F5F37B1629697E4000BF2795 /* Preview Assets.xcassets in Resources */ = {isa = PBXBuildFile; fileRef = F5F37B1529697E4000BF2795 /* Preview Assets.xcassets */; };
		F5F37B2029697E4000BF2795 /* try_switfuiTests.swift in Sources */ = {isa = PBXBuildFile; fileRef = F5F37B1F29697E4000BF2795 /* try_switfuiTests.swift */; };
		F5F37B2A29697E4000BF2795 /* try_switfuiUITests.swift in Sources */ = {isa = PBXBuildFile; fileRef = F5F37B2929697E4000BF2795 /* try_switfuiUITests.swift */; };
		F5F37B2C29697E4000BF2795 /* try_switfuiUITestsLaunchTests.swift in Sources */ = {isa = PBXBuildFile; fileRef = F5F37B2B29697E4000BF2795 /* try_switfuiUITestsLaunchTests.swift */; };
		F5F37B392969831000BF2795 /* CircleImage.swift in Sources */ = {isa = PBXBuildFile; fileRef = F5F37B382969831000BF2795 /* CircleImage.swift */; };
/* End PBXBuildFile section */

/* Begin PBXContainerItemProxy section */
		F5F37B1C29697E4000BF2795 /* PBXContainerItemProxy */ = {
			isa = PBXContainerItemProxy;
			containerPortal = F5F37B0229697E3F00BF2795 /* Project object */;
			proxyType = 1;
			remoteGlobalIDString = F5F37B0929697E3F00BF2795;
			remoteInfo = try.switfui;
		};
		F5F37B2629697E4000BF2795 /* PBXContainerItemProxy */ = {
			isa = PBXContainerItemProxy;
			containerPortal = F5F37B0229697E3F00BF2795 /* Project object */;
			proxyType = 1;
			remoteGlobalIDString = F5F37B0929697E3F00BF2795;
			remoteInfo = try.switfui;
		};
/* End PBXContainerItemProxy section */

/* Begin PBXFileReference section */
		F5D7237D296BB46400D52538 /* landmarkData.json */ = {isa = PBXFileReference; fileEncoding = 4; lastKnownFileType = text.json; path = landmarkData.json; sourceTree = "<group>"; };
		F5D72380296BB4ED00D52538 /* Landmark.swift */ = {isa = PBXFileReference; lastKnownFileType = sourcecode.swift; path = Landmark.swift; sourceTree = "<group>"; };
		F5D72382296BB97100D52538 /* ModelData.swift */ = {isa = PBXFileReference; lastKnownFileType = sourcecode.swift; path = ModelData.swift; sourceTree = "<group>"; };
		F5D72385296BBD0A00D52538 /* MapView.swift */ = {isa = PBXFileReference; lastKnownFileType = sourcecode.swift; path = MapView.swift; sourceTree = "<group>"; };
		F5D72388296BBE7300D52538 /* LandmarkRow.swift */ = {isa = PBXFileReference; lastKnownFileType = sourcecode.swift; path = LandmarkRow.swift; sourceTree = "<group>"; };
		F5D7238A296BC19A00D52538 /* LandmarkList.swift */ = {isa = PBXFileReference; lastKnownFileType = sourcecode.swift; path = LandmarkList.swift; sourceTree = "<group>"; };
		F5D7238C296BC3AB00D52538 /* LandmarkDetail.swift */ = {isa = PBXFileReference; lastKnownFileType = sourcecode.swift; path = LandmarkDetail.swift; sourceTree = "<group>"; };
		F5D72390296BEF3100D52538 /* FavoriteButton.swift */ = {isa = PBXFileReference; lastKnownFileType = sourcecode.swift; path = FavoriteButton.swift; sourceTree = "<group>"; };
		F5D723CA296C145000D52538 /* HexagonParameters.swift */ = {isa = PBXFileReference; lastKnownFileType = sourcecode.swift; path = HexagonParameters.swift; sourceTree = "<group>"; };
		F5D723CC296C14C200D52538 /* BadgeBackground.swift */ = {isa = PBXFileReference; lastKnownFileType = sourcecode.swift; path = BadgeBackground.swift; sourceTree = "<group>"; };
		F5D723CE296C179100D52538 /* BadgeSymbol.swift */ = {isa = PBXFileReference; lastKnownFileType = sourcecode.swift; path = BadgeSymbol.swift; sourceTree = "<group>"; };
		F5D723D0296C181900D52538 /* BadgeSymbolRotated.swift */ = {isa = PBXFileReference; lastKnownFileType = sourcecode.swift; path = BadgeSymbolRotated.swift; sourceTree = "<group>"; };
		F5D723D2296C183800D52538 /* Badge.swift */ = {isa = PBXFileReference; lastKnownFileType = sourcecode.swift; path = Badge.swift; sourceTree = "<group>"; };
		F5D723D7296C1C1200D52538 /* hikeData.json */ = {isa = PBXFileReference; fileEncoding = 4; lastKnownFileType = text.json; path = hikeData.json; sourceTree = "<group>"; };
		F5D723D9296C1C4400D52538 /* Hike.swift */ = {isa = PBXFileReference; lastKnownFileType = sourcecode.swift; path = Hike.swift; sourceTree = "<group>"; };
		F5D723DE296C1D3300D52538 /* GraphCapsule.swift */ = {isa = PBXFileReference; fileEncoding = 4; lastKnownFileType = sourcecode.swift; path = GraphCapsule.swift; sourceTree = "<group>"; };
		F5D723DF296C1D3300D52538 /* HikeGraph.swift */ = {isa = PBXFileReference; fileEncoding = 4; lastKnownFileType = sourcecode.swift; path = HikeGraph.swift; sourceTree = "<group>"; };
		F5D723E0296C1D3300D52538 /* HikeDetail.swift */ = {isa = PBXFileReference; fileEncoding = 4; lastKnownFileType = sourcecode.swift; path = HikeDetail.swift; sourceTree = "<group>"; };
		F5D723E1296C1D3300D52538 /* HikeView.swift */ = {isa = PBXFileReference; fileEncoding = 4; lastKnownFileType = sourcecode.swift; path = HikeView.swift; sourceTree = "<group>"; };
		F5D723E6296D005300D52538 /* CategoryHome.swift */ = {isa = PBXFileReference; lastKnownFileType = sourcecode.swift; path = CategoryHome.swift; sourceTree = "<group>"; };
		F5D723E9296D0CFF00D52538 /* CategoryRow.swift */ = {isa = PBXFileReference; lastKnownFileType = sourcecode.swift; path = CategoryRow.swift; sourceTree = "<group>"; };
		F5D723EB296D131100D52538 /* CategoryRowLandmark.swift */ = {isa = PBXFileReference; lastKnownFileType = sourcecode.swift; path = CategoryRowLandmark.swift; sourceTree = "<group>"; };
		F5D723ED296D3DC200D52538 /* Profile.swift */ = {isa = PBXFileReference; lastKnownFileType = sourcecode.swift; path = Profile.swift; sourceTree = "<group>"; };
		F5D723F0296D3E6C00D52538 /* ProfileSummary.swift */ = {isa = PBXFileReference; lastKnownFileType = sourcecode.swift; path = ProfileSummary.swift; sourceTree = "<group>"; };
		F5D723F2296D400C00D52538 /* ProfileHost.swift */ = {isa = PBXFileReference; lastKnownFileType = sourcecode.swift; path = ProfileHost.swift; sourceTree = "<group>"; };
		F5D723F4296D406E00D52538 /* HikeBadge.swift */ = {isa = PBXFileReference; lastKnownFileType = sourcecode.swift; path = HikeBadge.swift; sourceTree = "<group>"; };
		F5D723F6296D4A5600D52538 /* ProfileEditor.swift */ = {isa = PBXFileReference; lastKnownFileType = sourcecode.swift; path = ProfileEditor.swift; sourceTree = "<group>"; };
		F5D723F9296D5A5C00D52538 /* PageViewController.swift */ = {isa = PBXFileReference; lastKnownFileType = sourcecode.swift; path = PageViewController.swift; sourceTree = "<group>"; };
		F5D723FB296D5B1900D52538 /* FeatureCard.swift */ = {isa = PBXFileReference; lastKnownFileType = sourcecode.swift; path = FeatureCard.swift; sourceTree = "<group>"; };
		F5D723FD296D5BC200D52538 /* PageView.swift */ = {isa = PBXFileReference; lastKnownFileType = sourcecode.swift; path = PageView.swift; sourceTree = "<group>"; };
		F5D723FF296D5EBF00D52538 /* PageControl.swift */ = {isa = PBXFileReference; lastKnownFileType = sourcecode.swift; path = PageControl.swift; sourceTree = "<group>"; };
		F5F37B0A29697E3F00BF2795 /* try.switfui.app */ = {isa = PBXFileReference; explicitFileType = wrapper.application; includeInIndex = 0; path = try.switfui.app; sourceTree = BUILT_PRODUCTS_DIR; };
		F5F37B0D29697E3F00BF2795 /* try_switfuiApp.swift */ = {isa = PBXFileReference; lastKnownFileType = sourcecode.swift; path = try_switfuiApp.swift; sourceTree = "<group>"; };
		F5F37B0F29697E3F00BF2795 /* ContentView.swift */ = {isa = PBXFileReference; lastKnownFileType = sourcecode.swift; path = ContentView.swift; sourceTree = "<group>"; };
		F5F37B1129697E4000BF2795 /* Assets.xcassets */ = {isa = PBXFileReference; lastKnownFileType = folder.assetcatalog; path = Assets.xcassets; sourceTree = "<group>"; };
		F5F37B1329697E4000BF2795 /* try_switfui.entitlements */ = {isa = PBXFileReference; lastKnownFileType = text.plist.entitlements; path = try_switfui.entitlements; sourceTree = "<group>"; };
		F5F37B1529697E4000BF2795 /* Preview Assets.xcassets */ = {isa = PBXFileReference; lastKnownFileType = folder.assetcatalog; path = "Preview Assets.xcassets"; sourceTree = "<group>"; };
		F5F37B1B29697E4000BF2795 /* try.switfuiTests.xctest */ = {isa = PBXFileReference; explicitFileType = wrapper.cfbundle; includeInIndex = 0; path = try.switfuiTests.xctest; sourceTree = BUILT_PRODUCTS_DIR; };
		F5F37B1F29697E4000BF2795 /* try_switfuiTests.swift */ = {isa = PBXFileReference; lastKnownFileType = sourcecode.swift; path = try_switfuiTests.swift; sourceTree = "<group>"; };
		F5F37B2529697E4000BF2795 /* try.switfuiUITests.xctest */ = {isa = PBXFileReference; explicitFileType = wrapper.cfbundle; includeInIndex = 0; path = try.switfuiUITests.xctest; sourceTree = BUILT_PRODUCTS_DIR; };
		F5F37B2929697E4000BF2795 /* try_switfuiUITests.swift */ = {isa = PBXFileReference; lastKnownFileType = sourcecode.swift; path = try_switfuiUITests.swift; sourceTree = "<group>"; };
		F5F37B2B29697E4000BF2795 /* try_switfuiUITestsLaunchTests.swift */ = {isa = PBXFileReference; lastKnownFileType = sourcecode.swift; path = try_switfuiUITestsLaunchTests.swift; sourceTree = "<group>"; };
		F5F37B382969831000BF2795 /* CircleImage.swift */ = {isa = PBXFileReference; lastKnownFileType = sourcecode.swift; path = CircleImage.swift; sourceTree = "<group>"; };
/* End PBXFileReference section */

/* Begin PBXFrameworksBuildPhase section */
		F5F37B0729697E3F00BF2795 /* Frameworks */ = {
			isa = PBXFrameworksBuildPhase;
			buildActionMask = 2147483647;
			files = (
			);
			runOnlyForDeploymentPostprocessing = 0;
		};
		F5F37B1829697E4000BF2795 /* Frameworks */ = {
			isa = PBXFrameworksBuildPhase;
			buildActionMask = 2147483647;
			files = (
			);
			runOnlyForDeploymentPostprocessing = 0;
		};
		F5F37B2229697E4000BF2795 /* Frameworks */ = {
			isa = PBXFrameworksBuildPhase;
			buildActionMask = 2147483647;
			files = (
			);
			runOnlyForDeploymentPostprocessing = 0;
		};
/* End PBXFrameworksBuildPhase section */

/* Begin PBXGroup section */
		F5D7237F296BB49600D52538 /* model */ = {
			isa = PBXGroup;
			children = (
				F5D723CA296C145000D52538 /* HexagonParameters.swift */,
				F5D72380296BB4ED00D52538 /* Landmark.swift */,
				F5D72382296BB97100D52538 /* ModelData.swift */,
				F5D723D9296C1C4400D52538 /* Hike.swift */,
				F5D723ED296D3DC200D52538 /* Profile.swift */,
			);
			path = model;
			sourceTree = "<group>";
		};
		F5D72384296BBCBF00D52538 /* view */ = {
			isa = PBXGroup;
			children = (
				F5D723EF296D3E4F00D52538 /* profile */,
				F5D723E8296D0CED00D52538 /* category */,
				F5D723DD296C1D3300D52538 /* hikes */,
				F5D72393296BF00200D52538 /* component */,
				F5D72392296BEFE500D52538 /* landmark */,
				F5F37B0F29697E3F00BF2795 /* ContentView.swift */,
			);
			path = view;
			sourceTree = "<group>";
		};
		F5D72387296BBE4700D52538 /* resources */ = {
			isa = PBXGroup;
			children = (
				F5D723D7296C1C1200D52538 /* hikeData.json */,
				F5D7237D296BB46400D52538 /* landmarkData.json */,
			);
			path = resources;
			sourceTree = "<group>";
		};
		F5D72392296BEFE500D52538 /* landmark */ = {
			isa = PBXGroup;
			children = (
				F5D72388296BBE7300D52538 /* LandmarkRow.swift */,
				F5D7238A296BC19A00D52538 /* LandmarkList.swift */,
				F5D7238C296BC3AB00D52538 /* LandmarkDetail.swift */,
			);
			path = landmark;
			sourceTree = "<group>";
		};
		F5D72393296BF00200D52538 /* component */ = {
			isa = PBXGroup;
			children = (
				F5D723F8296D5A3700D52538 /* pageView */,
				F5D723D4296C191800D52538 /* badge */,
				F5F37B382969831000BF2795 /* CircleImage.swift */,
				F5D72385296BBD0A00D52538 /* MapView.swift */,
				F5D72390296BEF3100D52538 /* FavoriteButton.swift */,
				F5D723FB296D5B1900D52538 /* FeatureCard.swift */,
			);
			path = component;
			sourceTree = "<group>";
		};
		F5D723D4296C191800D52538 /* badge */ = {
			isa = PBXGroup;
			children = (
				F5D723CC296C14C200D52538 /* BadgeBackground.swift */,
				F5D723CE296C179100D52538 /* BadgeSymbol.swift */,
				F5D723D0296C181900D52538 /* BadgeSymbolRotated.swift */,
				F5D723D2296C183800D52538 /* Badge.swift */,
			);
			path = badge;
			sourceTree = "<group>";
		};
		F5D723DD296C1D3300D52538 /* hikes */ = {
			isa = PBXGroup;
			children = (
				F5D723DE296C1D3300D52538 /* GraphCapsule.swift */,
				F5D723DF296C1D3300D52538 /* HikeGraph.swift */,
				F5D723E0296C1D3300D52538 /* HikeDetail.swift */,
				F5D723E1296C1D3300D52538 /* HikeView.swift */,
				F5D723F4296D406E00D52538 /* HikeBadge.swift */,
			);
			path = hikes;
			sourceTree = "<group>";
		};
		F5D723E8296D0CED00D52538 /* category */ = {
			isa = PBXGroup;
			children = (
				F5D723E6296D005300D52538 /* CategoryHome.swift */,
				F5D723E9296D0CFF00D52538 /* CategoryRow.swift */,
				F5D723EB296D131100D52538 /* CategoryRowLandmark.swift */,
			);
			path = category;
			sourceTree = "<group>";
		};
		F5D723EF296D3E4F00D52538 /* profile */ = {
			isa = PBXGroup;
			children = (
				F5D723F0296D3E6C00D52538 /* ProfileSummary.swift */,
				F5D723F2296D400C00D52538 /* ProfileHost.swift */,
				F5D723F6296D4A5600D52538 /* ProfileEditor.swift */,
			);
			path = profile;
			sourceTree = "<group>";
		};
		F5D723F8296D5A3700D52538 /* pageView */ = {
			isa = PBXGroup;
			children = (
				F5D723F9296D5A5C00D52538 /* PageViewController.swift */,
				F5D723FD296D5BC200D52538 /* PageView.swift */,
				F5D723FF296D5EBF00D52538 /* PageControl.swift */,
			);
			path = pageView;
			sourceTree = "<group>";
		};
		F5F37B0129697E3F00BF2795 = {
			isa = PBXGroup;
			children = (
				F5F37B0C29697E3F00BF2795 /* try.switfui */,
				F5F37B1E29697E4000BF2795 /* try.switfuiTests */,
				F5F37B2829697E4000BF2795 /* try.switfuiUITests */,
				F5F37B0B29697E3F00BF2795 /* Products */,
			);
			sourceTree = "<group>";
		};
		F5F37B0B29697E3F00BF2795 /* Products */ = {
			isa = PBXGroup;
			children = (
				F5F37B0A29697E3F00BF2795 /* try.switfui.app */,
				F5F37B1B29697E4000BF2795 /* try.switfuiTests.xctest */,
				F5F37B2529697E4000BF2795 /* try.switfuiUITests.xctest */,
			);
			name = Products;
			sourceTree = "<group>";
		};
		F5F37B0C29697E3F00BF2795 /* try.switfui */ = {
			isa = PBXGroup;
			children = (
				F5D72387296BBE4700D52538 /* resources */,
				F5D72384296BBCBF00D52538 /* view */,
				F5D7237F296BB49600D52538 /* model */,
				F5F37B0D29697E3F00BF2795 /* try_switfuiApp.swift */,
				F5F37B1129697E4000BF2795 /* Assets.xcassets */,
				F5F37B1329697E4000BF2795 /* try_switfui.entitlements */,
				F5F37B1429697E4000BF2795 /* Preview Content */,
			);
			path = try.switfui;
			sourceTree = "<group>";
		};
		F5F37B1429697E4000BF2795 /* Preview Content */ = {
			isa = PBXGroup;
			children = (
				F5F37B1529697E4000BF2795 /* Preview Assets.xcassets */,
			);
			path = "Preview Content";
			sourceTree = "<group>";
		};
		F5F37B1E29697E4000BF2795 /* try.switfuiTests */ = {
			isa = PBXGroup;
			children = (
				F5F37B1F29697E4000BF2795 /* try_switfuiTests.swift */,
			);
			path = try.switfuiTests;
			sourceTree = "<group>";
		};
		F5F37B2829697E4000BF2795 /* try.switfuiUITests */ = {
			isa = PBXGroup;
			children = (
				F5F37B2929697E4000BF2795 /* try_switfuiUITests.swift */,
				F5F37B2B29697E4000BF2795 /* try_switfuiUITestsLaunchTests.swift */,
			);
			path = try.switfuiUITests;
			sourceTree = "<group>";
		};
/* End PBXGroup section */

/* Begin PBXNativeTarget section */
		F5F37B0929697E3F00BF2795 /* try.switfui */ = {
			isa = PBXNativeTarget;
			buildConfigurationList = F5F37B2F29697E4000BF2795 /* Build configuration list for PBXNativeTarget "try.switfui" */;
			buildPhases = (
				F5F37B0629697E3F00BF2795 /* Sources */,
				F5F37B0729697E3F00BF2795 /* Frameworks */,
				F5F37B0829697E3F00BF2795 /* Resources */,
			);
			buildRules = (
			);
			dependencies = (
			);
			name = try.switfui;
			productName = try.switfui;
			productReference = F5F37B0A29697E3F00BF2795 /* try.switfui.app */;
			productType = "com.apple.product-type.application";
		};
		F5F37B1A29697E4000BF2795 /* try.switfuiTests */ = {
			isa = PBXNativeTarget;
			buildConfigurationList = F5F37B3229697E4000BF2795 /* Build configuration list for PBXNativeTarget "try.switfuiTests" */;
			buildPhases = (
				F5F37B1729697E4000BF2795 /* Sources */,
				F5F37B1829697E4000BF2795 /* Frameworks */,
				F5F37B1929697E4000BF2795 /* Resources */,
			);
			buildRules = (
			);
			dependencies = (
				F5F37B1D29697E4000BF2795 /* PBXTargetDependency */,
			);
			name = try.switfuiTests;
			productName = try.switfuiTests;
			productReference = F5F37B1B29697E4000BF2795 /* try.switfuiTests.xctest */;
			productType = "com.apple.product-type.bundle.unit-test";
		};
		F5F37B2429697E4000BF2795 /* try.switfuiUITests */ = {
			isa = PBXNativeTarget;
			buildConfigurationList = F5F37B3529697E4000BF2795 /* Build configuration list for PBXNativeTarget "try.switfuiUITests" */;
			buildPhases = (
				F5F37B2129697E4000BF2795 /* Sources */,
				F5F37B2229697E4000BF2795 /* Frameworks */,
				F5F37B2329697E4000BF2795 /* Resources */,
			);
			buildRules = (
			);
			dependencies = (
				F5F37B2729697E4000BF2795 /* PBXTargetDependency */,
			);
			name = try.switfuiUITests;
			productName = try.switfuiUITests;
			productReference = F5F37B2529697E4000BF2795 /* try.switfuiUITests.xctest */;
			productType = "com.apple.product-type.bundle.ui-testing";
		};
/* End PBXNativeTarget section */

/* Begin PBXProject section */
		F5F37B0229697E3F00BF2795 /* Project object */ = {
			isa = PBXProject;
			attributes = {
				BuildIndependentTargetsInParallel = 1;
				LastSwiftUpdateCheck = 1420;
				LastUpgradeCheck = 1420;
				TargetAttributes = {
					F5F37B0929697E3F00BF2795 = {
						CreatedOnToolsVersion = 14.2;
					};
					F5F37B1A29697E4000BF2795 = {
						CreatedOnToolsVersion = 14.2;
						TestTargetID = F5F37B0929697E3F00BF2795;
					};
					F5F37B2429697E4000BF2795 = {
						CreatedOnToolsVersion = 14.2;
						TestTargetID = F5F37B0929697E3F00BF2795;
					};
				};
			};
			buildConfigurationList = F5F37B0529697E3F00BF2795 /* Build configuration list for PBXProject "try.switfui" */;
			compatibilityVersion = "Xcode 14.0";
			developmentRegion = en;
			hasScannedForEncodings = 0;
			knownRegions = (
				en,
				Base,
			);
			mainGroup = F5F37B0129697E3F00BF2795;
			productRefGroup = F5F37B0B29697E3F00BF2795 /* Products */;
			projectDirPath = "";
			projectRoot = "";
			targets = (
				F5F37B0929697E3F00BF2795 /* try.switfui */,
				F5F37B1A29697E4000BF2795 /* try.switfuiTests */,
				F5F37B2429697E4000BF2795 /* try.switfuiUITests */,
			);
		};
/* End PBXProject section */

/* Begin PBXResourcesBuildPhase section */
		F5F37B0829697E3F00BF2795 /* Resources */ = {
			isa = PBXResourcesBuildPhase;
			buildActionMask = 2147483647;
			files = (
				F5D723D8296C1C1200D52538 /* hikeData.json in Resources */,
				F5F37B1629697E4000BF2795 /* Preview Assets.xcassets in Resources */,
				F5F37B1229697E4000BF2795 /* Assets.xcassets in Resources */,
				F5D7237E296BB46400D52538 /* landmarkData.json in Resources */,
			);
			runOnlyForDeploymentPostprocessing = 0;
		};
		F5F37B1929697E4000BF2795 /* Resources */ = {
			isa = PBXResourcesBuildPhase;
			buildActionMask = 2147483647;
			files = (
			);
			runOnlyForDeploymentPostprocessing = 0;
		};
		F5F37B2329697E4000BF2795 /* Resources */ = {
			isa = PBXResourcesBuildPhase;
			buildActionMask = 2147483647;
			files = (
			);
			runOnlyForDeploymentPostprocessing = 0;
		};
/* End PBXResourcesBuildPhase section */

/* Begin PBXSourcesBuildPhase section */
		F5F37B0629697E3F00BF2795 /* Sources */ = {
			isa = PBXSourcesBuildPhase;
			buildActionMask = 2147483647;
			files = (
				F5D723EA296D0CFF00D52538 /* CategoryRow.swift in Sources */,
				F5D723EE296D3DC200D52538 /* Profile.swift in Sources */,
				F5F37B1029697E3F00BF2795 /* ContentView.swift in Sources */,
				F5D723E7296D005300D52538 /* CategoryHome.swift in Sources */,
				F5D723FC296D5B1900D52538 /* FeatureCard.swift in Sources */,
				F5D723E3296C1D3300D52538 /* HikeGraph.swift in Sources */,
				F5D723F3296D400C00D52538 /* ProfileHost.swift in Sources */,
				F5D723D3296C183800D52538 /* Badge.swift in Sources */,
				F5D72386296BBD0A00D52538 /* MapView.swift in Sources */,
				F5D723E2296C1D3300D52538 /* GraphCapsule.swift in Sources */,
				F5D72400296D5EBF00D52538 /* PageControl.swift in Sources */,
				F5F37B0E29697E3F00BF2795 /* try_switfuiApp.swift in Sources */,
				F5D72391296BEF3100D52538 /* FavoriteButton.swift in Sources */,
				F5D723EC296D131100D52538 /* CategoryRowLandmark.swift in Sources */,
				F5D723E4296C1D3300D52538 /* HikeDetail.swift in Sources */,
				F5D723CB296C145000D52538 /* HexagonParameters.swift in Sources */,
				F5D723DA296C1C4400D52538 /* Hike.swift in Sources */,
				F5D723CF296C179100D52538 /* BadgeSymbol.swift in Sources */,
				F5D7238B296BC19A00D52538 /* LandmarkList.swift in Sources */,
				F5D723FE296D5BC200D52538 /* PageView.swift in Sources */,
				F5D7238D296BC3AB00D52538 /* LandmarkDetail.swift in Sources */,
				F5D723F7296D4A5600D52538 /* ProfileEditor.swift in Sources */,
				F5D723E5296C1D3300D52538 /* HikeView.swift in Sources */,
				F5D723CD296C14C200D52538 /* BadgeBackground.swift in Sources */,
				F5D72383296BB97100D52538 /* ModelData.swift in Sources */,
				F5D723FA296D5A5C00D52538 /* PageViewController.swift in Sources */,
				F5F37B392969831000BF2795 /* CircleImage.swift in Sources */,
				F5D723F5296D406E00D52538 /* HikeBadge.swift in Sources */,
				F5D72389296BBE7300D52538 /* LandmarkRow.swift in Sources */,
				F5D723F1296D3E6C00D52538 /* ProfileSummary.swift in Sources */,
				F5D72381296BB4ED00D52538 /* Landmark.swift in Sources */,
				F5D723D1296C181900D52538 /* BadgeSymbolRotated.swift in Sources */,
			);
			runOnlyForDeploymentPostprocessing = 0;
		};
		F5F37B1729697E4000BF2795 /* Sources */ = {
			isa = PBXSourcesBuildPhase;
			buildActionMask = 2147483647;
			files = (
				F5F37B2029697E4000BF2795 /* try_switfuiTests.swift in Sources */,
			);
			runOnlyForDeploymentPostprocessing = 0;
		};
		F5F37B2129697E4000BF2795 /* Sources */ = {
			isa = PBXSourcesBuildPhase;
			buildActionMask = 2147483647;
			files = (
				F5F37B2C29697E4000BF2795 /* try_switfuiUITestsLaunchTests.swift in Sources */,
				F5F37B2A29697E4000BF2795 /* try_switfuiUITests.swift in Sources */,
			);
			runOnlyForDeploymentPostprocessing = 0;
		};
/* End PBXSourcesBuildPhase section */

/* Begin PBXTargetDependency section */
		F5F37B1D29697E4000BF2795 /* PBXTargetDependency */ = {
			isa = PBXTargetDependency;
			target = F5F37B0929697E3F00BF2795 /* try.switfui */;
			targetProxy = F5F37B1C29697E4000BF2795 /* PBXContainerItemProxy */;
		};
		F5F37B2729697E4000BF2795 /* PBXTargetDependency */ = {
			isa = PBXTargetDependency;
			target = F5F37B0929697E3F00BF2795 /* try.switfui */;
			targetProxy = F5F37B2629697E4000BF2795 /* PBXContainerItemProxy */;
		};
/* End PBXTargetDependency section */

/* Begin XCBuildConfiguration section */
		F5F37B2D29697E4000BF2795 /* Debug */ = {
			isa = XCBuildConfiguration;
			buildSettings = {
				ALWAYS_SEARCH_USER_PATHS = NO;
				CLANG_ANALYZER_NONNULL = YES;
				CLANG_ANALYZER_NUMBER_OBJECT_CONVERSION = YES_AGGRESSIVE;
				CLANG_CXX_LANGUAGE_STANDARD = "gnu++20";
				CLANG_ENABLE_MODULES = YES;
				CLANG_ENABLE_OBJC_ARC = YES;
				CLANG_ENABLE_OBJC_WEAK = YES;
				CLANG_WARN_BLOCK_CAPTURE_AUTORELEASING = YES;
				CLANG_WARN_BOOL_CONVERSION = YES;
				CLANG_WARN_COMMA = YES;
				CLANG_WARN_CONSTANT_CONVERSION = YES;
				CLANG_WARN_DEPRECATED_OBJC_IMPLEMENTATIONS = YES;
				CLANG_WARN_DIRECT_OBJC_ISA_USAGE = YES_ERROR;
				CLANG_WARN_DOCUMENTATION_COMMENTS = YES;
				CLANG_WARN_EMPTY_BODY = YES;
				CLANG_WARN_ENUM_CONVERSION = YES;
				CLANG_WARN_INFINITE_RECURSION = YES;
				CLANG_WARN_INT_CONVERSION = YES;
				CLANG_WARN_NON_LITERAL_NULL_CONVERSION = YES;
				CLANG_WARN_OBJC_IMPLICIT_RETAIN_SELF = YES;
				CLANG_WARN_OBJC_LITERAL_CONVERSION = YES;
				CLANG_WARN_OBJC_ROOT_CLASS = YES_ERROR;
				CLANG_WARN_QUOTED_INCLUDE_IN_FRAMEWORK_HEADER = YES;
				CLANG_WARN_RANGE_LOOP_ANALYSIS = YES;
				CLANG_WARN_STRICT_PROTOTYPES = YES;
				CLANG_WARN_SUSPICIOUS_MOVE = YES;
				CLANG_WARN_UNGUARDED_AVAILABILITY = YES_AGGRESSIVE;
				CLANG_WARN_UNREACHABLE_CODE = YES;
				CLANG_WARN__DUPLICATE_METHOD_MATCH = YES;
				COPY_PHASE_STRIP = NO;
				DEBUG_INFORMATION_FORMAT = dwarf;
				ENABLE_STRICT_OBJC_MSGSEND = YES;
				ENABLE_TESTABILITY = YES;
				GCC_C_LANGUAGE_STANDARD = gnu11;
				GCC_DYNAMIC_NO_PIC = NO;
				GCC_NO_COMMON_BLOCKS = YES;
				GCC_OPTIMIZATION_LEVEL = 0;
				GCC_PREPROCESSOR_DEFINITIONS = (
					"DEBUG=1",
					"$(inherited)",
				);
				GCC_WARN_64_TO_32_BIT_CONVERSION = YES;
				GCC_WARN_ABOUT_RETURN_TYPE = YES_ERROR;
				GCC_WARN_UNDECLARED_SELECTOR = YES;
				GCC_WARN_UNINITIALIZED_AUTOS = YES_AGGRESSIVE;
				GCC_WARN_UNUSED_FUNCTION = YES;
				GCC_WARN_UNUSED_VARIABLE = YES;
				MTL_ENABLE_DEBUG_INFO = INCLUDE_SOURCE;
				MTL_FAST_MATH = YES;
				ONLY_ACTIVE_ARCH = YES;
				SWIFT_ACTIVE_COMPILATION_CONDITIONS = DEBUG;
				SWIFT_OPTIMIZATION_LEVEL = "-Onone";
			};
			name = Debug;
		};
		F5F37B2E29697E4000BF2795 /* Release */ = {
			isa = XCBuildConfiguration;
			buildSettings = {
				ALWAYS_SEARCH_USER_PATHS = NO;
				CLANG_ANALYZER_NONNULL = YES;
				CLANG_ANALYZER_NUMBER_OBJECT_CONVERSION = YES_AGGRESSIVE;
				CLANG_CXX_LANGUAGE_STANDARD = "gnu++20";
				CLANG_ENABLE_MODULES = YES;
				CLANG_ENABLE_OBJC_ARC = YES;
				CLANG_ENABLE_OBJC_WEAK = YES;
				CLANG_WARN_BLOCK_CAPTURE_AUTORELEASING = YES;
				CLANG_WARN_BOOL_CONVERSION = YES;
				CLANG_WARN_COMMA = YES;
				CLANG_WARN_CONSTANT_CONVERSION = YES;
				CLANG_WARN_DEPRECATED_OBJC_IMPLEMENTATIONS = YES;
				CLANG_WARN_DIRECT_OBJC_ISA_USAGE = YES_ERROR;
				CLANG_WARN_DOCUMENTATION_COMMENTS = YES;
				CLANG_WARN_EMPTY_BODY = YES;
				CLANG_WARN_ENUM_CONVERSION = YES;
				CLANG_WARN_INFINITE_RECURSION = YES;
				CLANG_WARN_INT_CONVERSION = YES;
				CLANG_WARN_NON_LITERAL_NULL_CONVERSION = YES;
				CLANG_WARN_OBJC_IMPLICIT_RETAIN_SELF = YES;
				CLANG_WARN_OBJC_LITERAL_CONVERSION = YES;
				CLANG_WARN_OBJC_ROOT_CLASS = YES_ERROR;
				CLANG_WARN_QUOTED_INCLUDE_IN_FRAMEWORK_HEADER = YES;
				CLANG_WARN_RANGE_LOOP_ANALYSIS = YES;
				CLANG_WARN_STRICT_PROTOTYPES = YES;
				CLANG_WARN_SUSPICIOUS_MOVE = YES;
				CLANG_WARN_UNGUARDED_AVAILABILITY = YES_AGGRESSIVE;
				CLANG_WARN_UNREACHABLE_CODE = YES;
				CLANG_WARN__DUPLICATE_METHOD_MATCH = YES;
				COPY_PHASE_STRIP = NO;
				DEBUG_INFORMATION_FORMAT = "dwarf-with-dsym";
				ENABLE_NS_ASSERTIONS = NO;
				ENABLE_STRICT_OBJC_MSGSEND = YES;
				GCC_C_LANGUAGE_STANDARD = gnu11;
				GCC_NO_COMMON_BLOCKS = YES;
				GCC_WARN_64_TO_32_BIT_CONVERSION = YES;
				GCC_WARN_ABOUT_RETURN_TYPE = YES_ERROR;
				GCC_WARN_UNDECLARED_SELECTOR = YES;
				GCC_WARN_UNINITIALIZED_AUTOS = YES_AGGRESSIVE;
				GCC_WARN_UNUSED_FUNCTION = YES;
				GCC_WARN_UNUSED_VARIABLE = YES;
				MTL_ENABLE_DEBUG_INFO = NO;
				MTL_FAST_MATH = YES;
				SWIFT_COMPILATION_MODE = wholemodule;
				SWIFT_OPTIMIZATION_LEVEL = "-O";
			};
			name = Release;
		};
		F5F37B3029697E4000BF2795 /* Debug */ = {
			isa = XCBuildConfiguration;
			buildSettings = {
				ASSETCATALOG_COMPILER_APPICON_NAME = AppIcon;
				ASSETCATALOG_COMPILER_GLOBAL_ACCENT_COLOR_NAME = AccentColor;
				CODE_SIGN_ENTITLEMENTS = try.switfui/try_switfui.entitlements;
				CODE_SIGN_STYLE = Automatic;
				CURRENT_PROJECT_VERSION = 1;
				DEVELOPMENT_ASSET_PATHS = "\"try.switfui/Preview Content\"";
				ENABLE_PREVIEWS = YES;
				GENERATE_INFOPLIST_FILE = YES;
				"INFOPLIST_KEY_UIApplicationSceneManifest_Generation[sdk=iphoneos*]" = YES;
				"INFOPLIST_KEY_UIApplicationSceneManifest_Generation[sdk=iphonesimulator*]" = YES;
				"INFOPLIST_KEY_UIApplicationSupportsIndirectInputEvents[sdk=iphoneos*]" = YES;
				"INFOPLIST_KEY_UIApplicationSupportsIndirectInputEvents[sdk=iphonesimulator*]" = YES;
				"INFOPLIST_KEY_UILaunchScreen_Generation[sdk=iphoneos*]" = YES;
				"INFOPLIST_KEY_UILaunchScreen_Generation[sdk=iphonesimulator*]" = YES;
				"INFOPLIST_KEY_UIStatusBarStyle[sdk=iphoneos*]" = UIStatusBarStyleDefault;
				"INFOPLIST_KEY_UIStatusBarStyle[sdk=iphonesimulator*]" = UIStatusBarStyleDefault;
				INFOPLIST_KEY_UISupportedInterfaceOrientations_iPad = "UIInterfaceOrientationPortrait UIInterfaceOrientationPortraitUpsideDown UIInterfaceOrientationLandscapeLeft UIInterfaceOrientationLandscapeRight";
				INFOPLIST_KEY_UISupportedInterfaceOrientations_iPhone = "UIInterfaceOrientationPortrait UIInterfaceOrientationLandscapeLeft UIInterfaceOrientationLandscapeRight";
				IPHONEOS_DEPLOYMENT_TARGET = 16.2;
				LD_RUNPATH_SEARCH_PATHS = "@executable_path/Frameworks";
				"LD_RUNPATH_SEARCH_PATHS[sdk=macosx*]" = "@executable_path/../Frameworks";
				MACOSX_DEPLOYMENT_TARGET = 13.1;
				MARKETING_VERSION = 1.0;
				PRODUCT_BUNDLE_IDENTIFIER = "com.oster.try-switfui";
				PRODUCT_NAME = "$(TARGET_NAME)";
				SDKROOT = auto;
				SUPPORTED_PLATFORMS = "iphoneos iphonesimulator macosx";
				SWIFT_EMIT_LOC_STRINGS = YES;
				SWIFT_VERSION = 5.0;
				TARGETED_DEVICE_FAMILY = "1,2";
			};
			name = Debug;
		};
		F5F37B3129697E4000BF2795 /* Release */ = {
			isa = XCBuildConfiguration;
			buildSettings = {
				ASSETCATALOG_COMPILER_APPICON_NAME = AppIcon;
				ASSETCATALOG_COMPILER_GLOBAL_ACCENT_COLOR_NAME = AccentColor;
				CODE_SIGN_ENTITLEMENTS = try.switfui/try_switfui.entitlements;
				CODE_SIGN_STYLE = Automatic;
				CURRENT_PROJECT_VERSION = 1;
				DEVELOPMENT_ASSET_PATHS = "\"try.switfui/Preview Content\"";
				ENABLE_PREVIEWS = YES;
				GENERATE_INFOPLIST_FILE = YES;
				"INFOPLIST_KEY_UIApplicationSceneManifest_Generation[sdk=iphoneos*]" = YES;
				"INFOPLIST_KEY_UIApplicationSceneManifest_Generation[sdk=iphonesimulator*]" = YES;
				"INFOPLIST_KEY_UIApplicationSupportsIndirectInputEvents[sdk=iphoneos*]" = YES;
				"INFOPLIST_KEY_UIApplicationSupportsIndirectInputEvents[sdk=iphonesimulator*]" = YES;
				"INFOPLIST_KEY_UILaunchScreen_Generation[sdk=iphoneos*]" = YES;
				"INFOPLIST_KEY_UILaunchScreen_Generation[sdk=iphonesimulator*]" = YES;
				"INFOPLIST_KEY_UIStatusBarStyle[sdk=iphoneos*]" = UIStatusBarStyleDefault;
				"INFOPLIST_KEY_UIStatusBarStyle[sdk=iphonesimulator*]" = UIStatusBarStyleDefault;
				INFOPLIST_KEY_UISupportedInterfaceOrientations_iPad = "UIInterfaceOrientationPortrait UIInterfaceOrientationPortraitUpsideDown UIInterfaceOrientationLandscapeLeft UIInterfaceOrientationLandscapeRight";
				INFOPLIST_KEY_UISupportedInterfaceOrientations_iPhone = "UIInterfaceOrientationPortrait UIInterfaceOrientationLandscapeLeft UIInterfaceOrientationLandscapeRight";
				IPHONEOS_DEPLOYMENT_TARGET = 16.2;
				LD_RUNPATH_SEARCH_PATHS = "@executable_path/Frameworks";
				"LD_RUNPATH_SEARCH_PATHS[sdk=macosx*]" = "@executable_path/../Frameworks";
				MACOSX_DEPLOYMENT_TARGET = 13.1;
				MARKETING_VERSION = 1.0;
				PRODUCT_BUNDLE_IDENTIFIER = "com.oster.try-switfui";
				PRODUCT_NAME = "$(TARGET_NAME)";
				SDKROOT = auto;
				SUPPORTED_PLATFORMS = "iphoneos iphonesimulator macosx";
				SWIFT_EMIT_LOC_STRINGS = YES;
				SWIFT_VERSION = 5.0;
				TARGETED_DEVICE_FAMILY = "1,2";
			};
			name = Release;
		};
		F5F37B3329697E4000BF2795 /* Debug */ = {
			isa = XCBuildConfiguration;
			buildSettings = {
				ALWAYS_EMBED_SWIFT_STANDARD_LIBRARIES = YES;
				BUNDLE_LOADER = "$(TEST_HOST)";
				CODE_SIGN_STYLE = Automatic;
				CURRENT_PROJECT_VERSION = 1;
				GENERATE_INFOPLIST_FILE = YES;
				IPHONEOS_DEPLOYMENT_TARGET = 16.2;
				MACOSX_DEPLOYMENT_TARGET = 13.1;
				MARKETING_VERSION = 1.0;
				PRODUCT_BUNDLE_IDENTIFIER = "com.oster.try-switfuiTests";
				PRODUCT_NAME = "$(TARGET_NAME)";
				SDKROOT = auto;
				SUPPORTED_PLATFORMS = "iphoneos iphonesimulator macosx";
				SWIFT_EMIT_LOC_STRINGS = NO;
				SWIFT_VERSION = 5.0;
				TARGETED_DEVICE_FAMILY = "1,2";
				TEST_HOST = "$(BUILT_PRODUCTS_DIR)/try.switfui.app/$(BUNDLE_EXECUTABLE_FOLDER_PATH)/try.switfui";
			};
			name = Debug;
		};
		F5F37B3429697E4000BF2795 /* Release */ = {
			isa = XCBuildConfiguration;
			buildSettings = {
				ALWAYS_EMBED_SWIFT_STANDARD_LIBRARIES = YES;
				BUNDLE_LOADER = "$(TEST_HOST)";
				CODE_SIGN_STYLE = Automatic;
				CURRENT_PROJECT_VERSION = 1;
				GENERATE_INFOPLIST_FILE = YES;
				IPHONEOS_DEPLOYMENT_TARGET = 16.2;
				MACOSX_DEPLOYMENT_TARGET = 13.1;
				MARKETING_VERSION = 1.0;
				PRODUCT_BUNDLE_IDENTIFIER = "com.oster.try-switfuiTests";
				PRODUCT_NAME = "$(TARGET_NAME)";
				SDKROOT = auto;
				SUPPORTED_PLATFORMS = "iphoneos iphonesimulator macosx";
				SWIFT_EMIT_LOC_STRINGS = NO;
				SWIFT_VERSION = 5.0;
				TARGETED_DEVICE_FAMILY = "1,2";
				TEST_HOST = "$(BUILT_PRODUCTS_DIR)/try.switfui.app/$(BUNDLE_EXECUTABLE_FOLDER_PATH)/try.switfui";
			};
			name = Release;
		};
		F5F37B3629697E4000BF2795 /* Debug */ = {
			isa = XCBuildConfiguration;
			buildSettings = {
				ALWAYS_EMBED_SWIFT_STANDARD_LIBRARIES = YES;
				CODE_SIGN_STYLE = Automatic;
				CURRENT_PROJECT_VERSION = 1;
				GENERATE_INFOPLIST_FILE = YES;
				IPHONEOS_DEPLOYMENT_TARGET = 16.2;
				MACOSX_DEPLOYMENT_TARGET = 13.1;
				MARKETING_VERSION = 1.0;
				PRODUCT_BUNDLE_IDENTIFIER = "com.oster.try-switfuiUITests";
				PRODUCT_NAME = "$(TARGET_NAME)";
				SDKROOT = auto;
				SUPPORTED_PLATFORMS = "iphoneos iphonesimulator macosx";
				SWIFT_EMIT_LOC_STRINGS = NO;
				SWIFT_VERSION = 5.0;
				TARGETED_DEVICE_FAMILY = "1,2";
				TEST_TARGET_NAME = try.switfui;
			};
			name = Debug;
		};
		F5F37B3729697E4000BF2795 /* Release */ = {
			isa = XCBuildConfiguration;
			buildSettings = {
				ALWAYS_EMBED_SWIFT_STANDARD_LIBRARIES = YES;
				CODE_SIGN_STYLE = Automatic;
				CURRENT_PROJECT_VERSION = 1;
				GENERATE_INFOPLIST_FILE = YES;
				IPHONEOS_DEPLOYMENT_TARGET = 16.2;
				MACOSX_DEPLOYMENT_TARGET = 13.1;
				MARKETING_VERSION = 1.0;
				PRODUCT_BUNDLE_IDENTIFIER = "com.oster.try-switfuiUITests";
				PRODUCT_NAME = "$(TARGET_NAME)";
				SDKROOT = auto;
				SUPPORTED_PLATFORMS = "iphoneos iphonesimulator macosx";
				SWIFT_EMIT_LOC_STRINGS = NO;
				SWIFT_VERSION = 5.0;
				TARGETED_DEVICE_FAMILY = "1,2";
				TEST_TARGET_NAME = try.switfui;
			};
			name = Release;
		};
/* End XCBuildConfiguration section */

/* Begin XCConfigurationList section */
		F5F37B0529697E3F00BF2795 /* Build configuration list for PBXProject "try.switfui" */ = {
			isa = XCConfigurationList;
			buildConfigurations = (
				F5F37B2D29697E4000BF2795 /* Debug */,
				F5F37B2E29697E4000BF2795 /* Release */,
			);
			defaultConfigurationIsVisible = 0;
			defaultConfigurationName = Release;
		};
		F5F37B2F29697E4000BF2795 /* Build configuration list for PBXNativeTarget "try.switfui" */ = {
			isa = XCConfigurationList;
			buildConfigurations = (
				F5F37B3029697E4000BF2795 /* Debug */,
				F5F37B3129697E4000BF2795 /* Release */,
			);
			defaultConfigurationIsVisible = 0;
			defaultConfigurationName = Release;
		};
		F5F37B3229697E4000BF2795 /* Build configuration list for PBXNativeTarget "try.switfuiTests" */ = {
			isa = XCConfigurationList;
			buildConfigurations = (
				F5F37B3329697E4000BF2795 /* Debug */,
				F5F37B3429697E4000BF2795 /* Release */,
			);
			defaultConfigurationIsVisible = 0;
			defaultConfigurationName = Release;
		};
		F5F37B3529697E4000BF2795 /* Build configuration list for PBXNativeTarget "try.switfuiUITests" */ = {
			isa = XCConfigurationList;
			buildConfigurations = (
				F5F37B3629697E4000BF2795 /* Debug */,
				F5F37B3729697E4000BF2795 /* Release */,
			);
			defaultConfigurationIsVisible = 0;
			defaultConfigurationName = Release;
		};
/* End XCConfigurationList section */
	};
	rootObject = F5F37B0229697E3F00BF2795 /* Project object */;
}
